{
  "requires": true,
  "lockfileVersion": 1,
  "dependencies": {
    "jquery.iframetracker": {
      "version": "2.0.0",
      "resolved": "https://registry.npmjs.org/jquery.iframetracker/-/jquery.iframetracker-2.0.0.tgz",
      "integrity": "sha512-3VPH6TnaMGAwWSGBL2OpEkT3BJa8Wl5YVGV0nZlX/VOk4sCGupsSMG790+zn0t0Ov+HJl2ldyQD82H9FXcbKlA=="
    }
  }
}
